
Microsoft Visual Studio Solution File, Format Version 12.00
# Visual Studio Version 17
VisualStudioVersion = 17.4.33213.308
MinimumVisualStudioVersion = 10.0.40219.1
Project("{FAE04EC0-301F-11D3-BF4B-00C04F79EFBC}") = "WindowsFormsApp4", "WindowsFormsApp4\WindowsFormsApp4.csproj", "{FA3D40A5-A6B8-49C4-A2EB-C6C82E031B17}"
EndProject
Global
	GlobalSection(SolutionConfigurationPlatforms) = preSolution
		Debug|Any CPU = Debug|Any CPU
		Release|Any CPU = Release|Any CPU
	EndGlobalSection
	GlobalSection(ProjectConfigurationPlatforms) = postSolution
		{FA3D40A5-A6B8-49C4-A2EB-C6C82E031B17}.Debug|Any CPU.ActiveCfg = Debug|Any CPU
		{FA3D40A5-A6B8-49C4-A2EB-C6C82E031B17}.Debug|Any CPU.Build.0 = Debug|Any CPU
		{FA3D40A5-A6B8-49C4-A2EB-C6C82E031B17}.Release|Any CPU.ActiveCfg = Release|Any CPU
		{FA3D40A5-A6B8-49C4-A2EB-C6C82E031B17}.Release|Any CPU.Build.0 = Release|Any CPU
	EndGlobalSection
	GlobalSection(SolutionProperties) = preSolution
		HideSolutionNode = FALSE
	EndGlobalSection
	GlobalSection(ExtensibilityGlobals) = postSolution
		SolutionGuid = {A36C33F4-24AC-43EE-95AE-B3122B697E9B}
	EndGlobalSection
EndGlobal
